
Microsoft Visual Studio Solution File, Format Version 12.00
# Visual Studio 15
VisualStudioVersion = 15.0.27130.2026
MinimumVisualStudioVersion = 10.0.40219.1
Project("{2150E333-8FDC-42A3-9474-1A3956D46DE8}") = "Solution Items", "Solution Items", "{C08F43D6-5A26-4E67-88B7-62A5BF507A25}"
	ProjectSection(SolutionItems) = preProject
		build.cake = build.cake
		cake.sh = cake.sh
		readme.md = readme.md
	EndProjectSection
EndProject
Project("{9A19103F-16F7-4668-BE54-9A1E7A4F7556}") = "WebCache", "WebCache\WebCache.csproj", "{2B619E68-D46C-4A2D-B759-EC7B5FC2C936}"
EndProject
Project("{9A19103F-16F7-4668-BE54-9A1E7A4F7556}") = "WebCache.Tests", "WebCache.Tests\WebCache.Tests.csproj", "{FEE8273A-BAB3-422A-8218-08F850DCA189}"
EndProject
Global
	GlobalSection(SolutionConfigurationPlatforms) = preSolution
		Debug|Any CPU = Debug|Any CPU
		Release|Any CPU = Release|Any CPU
	EndGlobalSection
	GlobalSection(ProjectConfigurationPlatforms) = postSolution
		{2B619E68-D46C-4A2D-B759-EC7B5FC2C936}.Debug|Any CPU.ActiveCfg = Debug|Any CPU
		{2B619E68-D46C-4A2D-B759-EC7B5FC2C936}.Debug|Any CPU.Build.0 = Debug|Any CPU
		{2B619E68-D46C-4A2D-B759-EC7B5FC2C936}.Release|Any CPU.ActiveCfg = Release|Any CPU
		{2B619E68-D46C-4A2D-B759-EC7B5FC2C936}.Release|Any CPU.Build.0 = Release|Any CPU
		{FEE8273A-BAB3-422A-8218-08F850DCA189}.Debug|Any CPU.ActiveCfg = Debug|Any CPU
		{FEE8273A-BAB3-422A-8218-08F850DCA189}.Debug|Any CPU.Build.0 = Debug|Any CPU
		{FEE8273A-BAB3-422A-8218-08F850DCA189}.Release|Any CPU.ActiveCfg = Release|Any CPU
		{FEE8273A-BAB3-422A-8218-08F850DCA189}.Release|Any CPU.Build.0 = Release|Any CPU
	EndGlobalSection
	GlobalSection(SolutionProperties) = preSolution
		HideSolutionNode = FALSE
	EndGlobalSection
	GlobalSection(ExtensibilityGlobals) = postSolution
		SolutionGuid = {68D871EE-FE54-4B8B-BF77-FA8873B18B42}
	EndGlobalSection
EndGlobal
